
Microsoft Visual Studio Solution File, Format Version 12.00
# Visual Studio 14
VisualStudioVersion = 14.0.25420.1
MinimumVisualStudioVersion = 10.0.40219.1
Project("{FAE04EC0-301F-11D3-BF4B-00C04F79EFBC}") = "WCFMVC.Web", "WCFMVC.Web\WCFMVC.Web.csproj", "{D8786ADE-75AB-4E4C-BDD3-5D904ADD9D81}"
	ProjectSection(ProjectDependencies) = postProject
		{56694ED6-FB47-40BF-81D7-79EDF8A91C25} = {56694ED6-FB47-40BF-81D7-79EDF8A91C25}
	EndProjectSection
EndProject
Project("{FAE04EC0-301F-11D3-BF4B-00C04F79EFBC}") = "WCFMVC.Web.Tests", "WCFMVC.Web.Tests\WCFMVC.Web.Tests.csproj", "{77674074-F54F-4627-8FED-8A6561F97083}"
EndProject
Project("{FAE04EC0-301F-11D3-BF4B-00C04F79EFBC}") = "WCFMVC.ServiceContract", "WCFMVC.ServiceContract\WCFMVC.ServiceContract.csproj", "{E59215D9-8626-47B8-B23B-70009B6FEB41}"
EndProject
Project("{FAE04EC0-301F-11D3-BF4B-00C04F79EFBC}") = "WCFMVC.ModelObject", "WCFMVC.ModelObject\WCFMVC.ModelObject.csproj", "{B7C32A0B-A4B4-4A98-8C9E-7B20DD5E2291}"
EndProject
Project("{FAE04EC0-301F-11D3-BF4B-00C04F79EFBC}") = "WCFMVC.Hosting", "WCFMVC.Hosting\WCFMVC.Hosting.csproj", "{56694ED6-FB47-40BF-81D7-79EDF8A91C25}"
EndProject
Project("{FAE04EC0-301F-11D3-BF4B-00C04F79EFBC}") = "WCFMVC.Services", "WCFMVC.Services\WCFMVC.Services.csproj", "{C61B8DD4-A429-4F99-8A7F-F9EAC4C62074}"
EndProject
Project("{FAE04EC0-301F-11D3-BF4B-00C04F79EFBC}") = "WCFMVC.Domain", "WCFMVC.Domain\WCFMVC.Domain.csproj", "{0A38E682-1B81-4DB8-AF5E-F242BA766D98}"
EndProject
Project("{FAE04EC0-301F-11D3-BF4B-00C04F79EFBC}") = "WCFMVC.WebUnity", "WCFMVC.WebUnity\WCFMVC.WebUnity.csproj", "{50BA720A-8A4A-4263-A186-9E3E565B2BCF}"
EndProject
Project("{FAE04EC0-301F-11D3-BF4B-00C04F79EFBC}") = "WCFMVC.ClientLogic", "WCFMVC.ClientLogic\WCFMVC.ClientLogic.csproj", "{2D4AEE6B-5AFF-477B-9B9C-39FBC4C9F9B5}"
EndProject
Project("{FAE04EC0-301F-11D3-BF4B-00C04F79EFBC}") = "WCFMVC.Utility", "WCFMVC.Utility\WCFMVC.Utility.csproj", "{6FB196C6-CF73-4904-BCBF-F4A5F9F89B5E}"
EndProject
Global
	GlobalSection(SolutionConfigurationPlatforms) = preSolution
		Debug|Any CPU = Debug|Any CPU
		Release|Any CPU = Release|Any CPU
	EndGlobalSection
	GlobalSection(ProjectConfigurationPlatforms) = postSolution
		{D8786ADE-75AB-4E4C-BDD3-5D904ADD9D81}.Debug|Any CPU.ActiveCfg = Debug|Any CPU
		{D8786ADE-75AB-4E4C-BDD3-5D904ADD9D81}.Debug|Any CPU.Build.0 = Debug|Any CPU
		{D8786ADE-75AB-4E4C-BDD3-5D904ADD9D81}.Release|Any CPU.ActiveCfg = Release|Any CPU
		{D8786ADE-75AB-4E4C-BDD3-5D904ADD9D81}.Release|Any CPU.Build.0 = Release|Any CPU
		{77674074-F54F-4627-8FED-8A6561F97083}.Debug|Any CPU.ActiveCfg = Debug|Any CPU
		{77674074-F54F-4627-8FED-8A6561F97083}.Debug|Any CPU.Build.0 = Debug|Any CPU
		{77674074-F54F-4627-8FED-8A6561F97083}.Release|Any CPU.ActiveCfg = Release|Any CPU
		{77674074-F54F-4627-8FED-8A6561F97083}.Release|Any CPU.Build.0 = Release|Any CPU
		{E59215D9-8626-47B8-B23B-70009B6FEB41}.Debug|Any CPU.ActiveCfg = Debug|Any CPU
		{E59215D9-8626-47B8-B23B-70009B6FEB41}.Debug|Any CPU.Build.0 = Debug|Any CPU
		{E59215D9-8626-47B8-B23B-70009B6FEB41}.Release|Any CPU.ActiveCfg = Release|Any CPU
		{E59215D9-8626-47B8-B23B-70009B6FEB41}.Release|Any CPU.Build.0 = Release|Any CPU
		{B7C32A0B-A4B4-4A98-8C9E-7B20DD5E2291}.Debug|Any CPU.ActiveCfg = Debug|Any CPU
		{B7C32A0B-A4B4-4A98-8C9E-7B20DD5E2291}.Debug|Any CPU.Build.0 = Debug|Any CPU
		{B7C32A0B-A4B4-4A98-8C9E-7B20DD5E2291}.Release|Any CPU.ActiveCfg = Release|Any CPU
		{B7C32A0B-A4B4-4A98-8C9E-7B20DD5E2291}.Release|Any CPU.Build.0 = Release|Any CPU
		{56694ED6-FB47-40BF-81D7-79EDF8A91C25}.Debug|Any CPU.ActiveCfg = Debug|Any CPU
		{56694ED6-FB47-40BF-81D7-79EDF8A91C25}.Debug|Any CPU.Build.0 = Debug|Any CPU
		{56694ED6-FB47-40BF-81D7-79EDF8A91C25}.Release|Any CPU.ActiveCfg = Release|Any CPU
		{56694ED6-FB47-40BF-81D7-79EDF8A91C25}.Release|Any CPU.Build.0 = Release|Any CPU
		{C61B8DD4-A429-4F99-8A7F-F9EAC4C62074}.Debug|Any CPU.ActiveCfg = Debug|Any CPU
		{C61B8DD4-A429-4F99-8A7F-F9EAC4C62074}.Debug|Any CPU.Build.0 = Debug|Any CPU
		{C61B8DD4-A429-4F99-8A7F-F9EAC4C62074}.Release|Any CPU.ActiveCfg = Release|Any CPU
		{C61B8DD4-A429-4F99-8A7F-F9EAC4C62074}.Release|Any CPU.Build.0 = Release|Any CPU
		{0A38E682-1B81-4DB8-AF5E-F242BA766D98}.Debug|Any CPU.ActiveCfg = Debug|Any CPU
		{0A38E682-1B81-4DB8-AF5E-F242BA766D98}.Debug|Any CPU.Build.0 = Debug|Any CPU
		{0A38E682-1B81-4DB8-AF5E-F242BA766D98}.Release|Any CPU.ActiveCfg = Release|Any CPU
		{0A38E682-1B81-4DB8-AF5E-F242BA766D98}.Release|Any CPU.Build.0 = Release|Any CPU
		{50BA720A-8A4A-4263-A186-9E3E565B2BCF}.Debug|Any CPU.ActiveCfg = Debug|Any CPU
		{50BA720A-8A4A-4263-A186-9E3E565B2BCF}.Debug|Any CPU.Build.0 = Debug|Any CPU
		{50BA720A-8A4A-4263-A186-9E3E565B2BCF}.Release|Any CPU.ActiveCfg = Release|Any CPU
		{50BA720A-8A4A-4263-A186-9E3E565B2BCF}.Release|Any CPU.Build.0 = Release|Any CPU
		{2D4AEE6B-5AFF-477B-9B9C-39FBC4C9F9B5}.Debug|Any CPU.ActiveCfg = Debug|Any CPU
		{2D4AEE6B-5AFF-477B-9B9C-39FBC4C9F9B5}.Debug|Any CPU.Build.0 = Debug|Any CPU
		{2D4AEE6B-5AFF-477B-9B9C-39FBC4C9F9B5}.Release|Any CPU.ActiveCfg = Release|Any CPU
		{2D4AEE6B-5AFF-477B-9B9C-39FBC4C9F9B5}.Release|Any CPU.Build.0 = Release|Any CPU
		{6FB196C6-CF73-4904-BCBF-F4A5F9F89B5E}.Debug|Any CPU.ActiveCfg = Debug|Any CPU
		{6FB196C6-CF73-4904-BCBF-F4A5F9F89B5E}.Debug|Any CPU.Build.0 = Debug|Any CPU
		{6FB196C6-CF73-4904-BCBF-F4A5F9F89B5E}.Release|Any CPU.ActiveCfg = Release|Any CPU
		{6FB196C6-CF73-4904-BCBF-F4A5F9F89B5E}.Release|Any CPU.Build.0 = Release|Any CPU
	EndGlobalSection
	GlobalSection(SolutionProperties) = preSolution
		HideSolutionNode = FALSE
	EndGlobalSection
	GlobalSection(ExtensibilityGlobals) = postSolution
		EnterpriseLibraryConfigurationToolBinariesPath = packages\EnterpriseLibrary.Caching.5.0.505.0\lib\NET35
		EnterpriseLibraryConfigurationToolBinariesPathV6 = packages\EnterpriseLibrary.Common.6.0.1304.0\lib\NET45;packages\EnterpriseLibrary.Logging.6.0.1304.0\lib\NET45;packages\EnterpriseLibrary.ExceptionHandling.6.0.1304.0\lib\NET45
	EndGlobalSection
EndGlobal
